// !$*UTF8*$!
{
	archiveVersion = 1;
	classes = {
	};
	objectVersion = 55;
	objects = {

/* Begin PBXBuildFile section */
		4475DA0027ABBB9F0077CF09 /* AppDelegate.swift in Sources */ = {isa = PBXBuildFile; fileRef = 4475D9FF27ABBB9F0077CF09 /* AppDelegate.swift */; };
		4475DA0227ABBB9F0077CF09 /* SceneDelegate.swift in Sources */ = {isa = PBXBuildFile; fileRef = 4475DA0127ABBB9F0077CF09 /* SceneDelegate.swift */; };
		4475DA0427ABBB9F0077CF09 /* MoviesViewController.swift in Sources */ = {isa = PBXBuildFile; fileRef = 4475DA0327ABBB9F0077CF09 /* MoviesViewController.swift */; };
		4475DA0727ABBB9F0077CF09 /* Main.storyboard in Resources */ = {isa = PBXBuildFile; fileRef = 4475DA0527ABBB9F0077CF09 /* Main.storyboard */; };
		4475DA0927ABBBA10077CF09 /* Assets.xcassets in Resources */ = {isa = PBXBuildFile; fileRef = 4475DA0827ABBBA10077CF09 /* Assets.xcassets */; };
		4475DA0C27ABBBA10077CF09 /* LaunchScreen.storyboard in Resources */ = {isa = PBXBuildFile; fileRef = 4475DA0A27ABBBA10077CF09 /* LaunchScreen.storyboard */; };
		4475DA1727ABBBA20077CF09 /* TipsterTests.swift in Sources */ = {isa = PBXBuildFile; fileRef = 4475DA1627ABBBA20077CF09 /* TipsterTests.swift */; };
		4475DA2127ABBBA20077CF09 /* TipsterUITests.swift in Sources */ = {isa = PBXBuildFile; fileRef = 4475DA2027ABBBA20077CF09 /* TipsterUITests.swift */; };
		4475DA2327ABBBA20077CF09 /* TipsterUITestsLaunchTests.swift in Sources */ = {isa = PBXBuildFile; fileRef = 4475DA2227ABBBA20077CF09 /* TipsterUITestsLaunchTests.swift */; };
		4475DA3227ABCD830077CF09 /* MovieCell.swift in Sources */ = {isa = PBXBuildFile; fileRef = 4475DA3127ABCD830077CF09 /* MovieCell.swift */; };
		4475DA3527AC591B0077CF09 /* AlamofireImage in Frameworks */ = {isa = PBXBuildFile; productRef = 4475DA3427AC591B0077CF09 /* AlamofireImage */; };
		91D73D1579BA52B3A483ACD0 /* Pods_Tipster.framework in Frameworks */ = {isa = PBXBuildFile; fileRef = A213B16D25DAC970CF775DE5 /* Pods_Tipster.framework */; };
		E47DB5DF15FCC364369590A8 /* Pods_Tipster_TipsterUITests.framework in Frameworks */ = {isa = PBXBuildFile; fileRef = D587C88A919105B0513114B6 /* Pods_Tipster_TipsterUITests.framework */; };
		ECE8270FC1DE0E3726314140 /* Pods_TipsterTests.framework in Frameworks */ = {isa = PBXBuildFile; fileRef = 0DFEDD82ACD59C52966DAFEB /* Pods_TipsterTests.framework */; };
/* End PBXBuildFile section */

/* Begin PBXContainerItemProxy section */
		4475DA1327ABBBA20077CF09 /* PBXContainerItemProxy */ = {
			isa = PBXContainerItemProxy;
			containerPortal = 4475D9F427ABBB9F0077CF09 /* Project object */;
			proxyType = 1;
			remoteGlobalIDString = 4475D9FB27ABBB9F0077CF09;
			remoteInfo = Tipster;
		};
		4475DA1D27ABBBA20077CF09 /* PBXContainerItemProxy */ = {
			isa = PBXContainerItemProxy;
			containerPortal = 4475D9F427ABBB9F0077CF09 /* Project object */;
			proxyType = 1;
			remoteGlobalIDString = 4475D9FB27ABBB9F0077CF09;
			remoteInfo = Tipster;
		};
/* End PBXContainerItemProxy section */

/* Begin PBXFileReference section */
		0DFEDD82ACD59C52966DAFEB /* Pods_TipsterTests.framework */ = {isa = PBXFileReference; explicitFileType = wrapper.framework; includeInIndex = 0; path = Pods_TipsterTests.framework; sourceTree = BUILT_PRODUCTS_DIR; };
		2D07BE47DE73641B5980A9FF /* Pods-TipsterTests.release.xcconfig */ = {isa = PBXFileReference; includeInIndex = 1; lastKnownFileType = text.xcconfig; name = "Pods-TipsterTests.release.xcconfig"; path = "Target Support Files/Pods-TipsterTests/Pods-TipsterTests.release.xcconfig"; sourceTree = "<group>"; };
		3946683473C86D2F868771EF /* Pods-Tipster.release.xcconfig */ = {isa = PBXFileReference; includeInIndex = 1; lastKnownFileType = text.xcconfig; name = "Pods-Tipster.release.xcconfig"; path = "Target Support Files/Pods-Tipster/Pods-Tipster.release.xcconfig"; sourceTree = "<group>"; };
		4475D9FC27ABBB9F0077CF09 /* Tipster.app */ = {isa = PBXFileReference; explicitFileType = wrapper.application; includeInIndex = 0; path = Tipster.app; sourceTree = BUILT_PRODUCTS_DIR; };
		4475D9FF27ABBB9F0077CF09 /* AppDelegate.swift */ = {isa = PBXFileReference; lastKnownFileType = sourcecode.swift; path = AppDelegate.swift; sourceTree = "<group>"; };
		4475DA0127ABBB9F0077CF09 /* SceneDelegate.swift */ = {isa = PBXFileReference; lastKnownFileType = sourcecode.swift; path = SceneDelegate.swift; sourceTree = "<group>"; };
		4475DA0327ABBB9F0077CF09 /* MoviesViewController.swift */ = {isa = PBXFileReference; lastKnownFileType = sourcecode.swift; path = MoviesViewController.swift; sourceTree = "<group>"; };
		4475DA0627ABBB9F0077CF09 /* Base */ = {isa = PBXFileReference; lastKnownFileType = file.storyboard; name = Base; path = Base.lproj/Main.storyboard; sourceTree = "<group>"; };
		4475DA0827ABBBA10077CF09 /* Assets.xcassets */ = {isa = PBXFileReference; lastKnownFileType = folder.assetcatalog; path = Assets.xcassets; sourceTree = "<group>"; };
		4475DA0B27ABBBA10077CF09 /* Base */ = {isa = PBXFileReference; lastKnownFileType = file.storyboard; name = Base; path = Base.lproj/LaunchScreen.storyboard; sourceTree = "<group>"; };
		4475DA0D27ABBBA10077CF09 /* Info.plist */ = {isa = PBXFileReference; lastKnownFileType = text.plist.xml; path = Info.plist; sourceTree = "<group>"; };
		4475DA1227ABBBA20077CF09 /* TipsterTests.xctest */ = {isa = PBXFileReference; explicitFileType = wrapper.cfbundle; includeInIndex = 0; path = TipsterTests.xctest; sourceTree = BUILT_PRODUCTS_DIR; };
		4475DA1627ABBBA20077CF09 /* TipsterTests.swift */ = {isa = PBXFileReference; lastKnownFileType = sourcecode.swift; path = TipsterTests.swift; sourceTree = "<group>"; };
		4475DA1C27ABBBA20077CF09 /* TipsterUITests.xctest */ = {isa = PBXFileReference; explicitFileType = wrapper.cfbundle; includeInIndex = 0; path = TipsterUITests.xctest; sourceTree = BUILT_PRODUCTS_DIR; };
		4475DA2027ABBBA20077CF09 /* TipsterUITests.swift */ = {isa = PBXFileReference; lastKnownFileType = sourcecode.swift; path = TipsterUITests.swift; sourceTree = "<group>"; };
		4475DA2227ABBBA20077CF09 /* TipsterUITestsLaunchTests.swift */ = {isa = PBXFileReference; lastKnownFileType = sourcecode.swift; path = TipsterUITestsLaunchTests.swift; sourceTree = "<group>"; };
		4475DA3127ABCD830077CF09 /* MovieCell.swift */ = {isa = PBXFileReference; lastKnownFileType = sourcecode.swift; path = MovieCell.swift; sourceTree = "<group>"; };
		77E0A4768A330EC05C936427 /* Pods-TipsterTests.debug.xcconfig */ = {isa = PBXFileReference; includeInIndex = 1; lastKnownFileType = text.xcconfig; name = "Pods-TipsterTests.debug.xcconfig"; path = "Target Support Files/Pods-TipsterTests/Pods-TipsterTests.debug.xcconfig"; sourceTree = "<group>"; };
		A213B16D25DAC970CF775DE5 /* Pods_Tipster.framework */ = {isa = PBXFileReference; explicitFileType = wrapper.framework; includeInIndex = 0; path = Pods_Tipster.framework; sourceTree = BUILT_PRODUCTS_DIR; };
		A419E17D5ECC1CF722392114 /* Pods-Tipster-TipsterUITests.debug.xcconfig */ = {isa = PBXFileReference; includeInIndex = 1; lastKnownFileType = text.xcconfig; name = "Pods-Tipster-TipsterUITests.debug.xcconfig"; path = "Target Support Files/Pods-Tipster-TipsterUITests/Pods-Tipster-TipsterUITests.debug.xcconfig"; sourceTree = "<group>"; };
		D587C88A919105B0513114B6 /* Pods_Tipster_TipsterUITests.framework */ = {isa = PBXFileReference; explicitFileType = wrapper.framework; includeInIndex = 0; path = Pods_Tipster_TipsterUITests.framework; sourceTree = BUILT_PRODUCTS_DIR; };
		E22C21CA74945F7F9300A3BA /* Pods-Tipster.debug.xcconfig */ = {isa = PBXFileReference; includeInIndex = 1; lastKnownFileType = text.xcconfig; name = "Pods-Tipster.debug.xcconfig"; path = "Target Support Files/Pods-Tipster/Pods-Tipster.debug.xcconfig"; sourceTree = "<group>"; };
		F34247312AF024F8C7B02330 /* Pods-Tipster-TipsterUITests.release.xcconfig */ = {isa = PBXFileReference; includeInIndex = 1; lastKnownFileType = text.xcconfig; name = "Pods-Tipster-TipsterUITests.release.xcconfig"; path = "Target Support Files/Pods-Tipster-TipsterUITests/Pods-Tipster-TipsterUITests.release.xcconfig"; sourceTree = "<group>"; };
/* End PBXFileReference section */

/* Begin PBXFrameworksBuildPhase section */
		4475D9F927ABBB9F0077CF09 /* Frameworks */ = {
			isa = PBXFrameworksBuildPhase;
			buildActionMask = 2147483647;
			files = (
				4475DA3527AC591B0077CF09 /* AlamofireImage in Frameworks */,
				91D73D1579BA52B3A483ACD0 /* Pods_Tipster.framework in Frameworks */,
			);
			runOnlyForDeploymentPostprocessing = 0;
		};
		4475DA0F27ABBBA20077CF09 /* Frameworks */ = {
			isa = PBXFrameworksBuildPhase;
			buildActionMask = 2147483647;
			files = (
				ECE8270FC1DE0E3726314140 /* Pods_TipsterTests.framework in Frameworks */,
			);
			runOnlyForDeploymentPostprocessing = 0;
		};
		4475DA1927ABBBA20077CF09 /* Frameworks */ = {
			isa = PBXFrameworksBuildPhase;
			buildActionMask = 2147483647;
			files = (
				E47DB5DF15FCC364369590A8 /* Pods_Tipster_TipsterUITests.framework in Frameworks */,
			);
			runOnlyForDeploymentPostprocessing = 0;
		};
/* End PBXFrameworksBuildPhase section */

/* Begin PBXGroup section */
		4475D9F327ABBB9F0077CF09 = {
			isa = PBXGroup;
			children = (
				4475D9FE27ABBB9F0077CF09 /* Tipster */,
				4475DA1527ABBBA20077CF09 /* TipsterTests */,
				4475DA1F27ABBBA20077CF09 /* TipsterUITests */,
				4475D9FD27ABBB9F0077CF09 /* Products */,
				7652FC771B99ABE30A00B3C9 /* Pods */,
				CEF36729D0B08855DD186CF7 /* Frameworks */,
			);
			sourceTree = "<group>";
		};
		4475D9FD27ABBB9F0077CF09 /* Products */ = {
			isa = PBXGroup;
			children = (
				4475D9FC27ABBB9F0077CF09 /* Tipster.app */,
				4475DA1227ABBBA20077CF09 /* TipsterTests.xctest */,
				4475DA1C27ABBBA20077CF09 /* TipsterUITests.xctest */,
			);
			name = Products;
			sourceTree = "<group>";
		};
		4475D9FE27ABBB9F0077CF09 /* Tipster */ = {
			isa = PBXGroup;
			children = (
				4475D9FF27ABBB9F0077CF09 /* AppDelegate.swift */,
				4475DA0127ABBB9F0077CF09 /* SceneDelegate.swift */,
				4475DA0327ABBB9F0077CF09 /* MoviesViewController.swift */,
				4475DA0527ABBB9F0077CF09 /* Main.storyboard */,
				4475DA3127ABCD830077CF09 /* MovieCell.swift */,
				4475DA0827ABBBA10077CF09 /* Assets.xcassets */,
				4475DA0A27ABBBA10077CF09 /* LaunchScreen.storyboard */,
				4475DA0D27ABBBA10077CF09 /* Info.plist */,
			);
			path = Tipster;
			sourceTree = "<group>";
		};
		4475DA1527ABBBA20077CF09 /* TipsterTests */ = {
			isa = PBXGroup;
			children = (
				4475DA1627ABBBA20077CF09 /* TipsterTests.swift */,
			);
			path = TipsterTests;
			sourceTree = "<group>";
		};
		4475DA1F27ABBBA20077CF09 /* TipsterUITests */ = {
			isa = PBXGroup;
			children = (
				4475DA2027ABBBA20077CF09 /* TipsterUITests.swift */,
				4475DA2227ABBBA20077CF09 /* TipsterUITestsLaunchTests.swift */,
			);
			path = TipsterUITests;
			sourceTree = "<group>";
		};
		7652FC771B99ABE30A00B3C9 /* Pods */ = {
			isa = PBXGroup;
			children = (
				E22C21CA74945F7F9300A3BA /* Pods-Tipster.debug.xcconfig */,
				3946683473C86D2F868771EF /* Pods-Tipster.release.xcconfig */,
				A419E17D5ECC1CF722392114 /* Pods-Tipster-TipsterUITests.debug.xcconfig */,
				F34247312AF024F8C7B02330 /* Pods-Tipster-TipsterUITests.release.xcconfig */,
				77E0A4768A330EC05C936427 /* Pods-TipsterTests.debug.xcconfig */,
				2D07BE47DE73641B5980A9FF /* Pods-TipsterTests.release.xcconfig */,
			);
			name = Pods;
			path = Pods;
			sourceTree = "<group>";
		};
		CEF36729D0B08855DD186CF7 /* Frameworks */ = {
			isa = PBXGroup;
			children = (
				A213B16D25DAC970CF775DE5 /* Pods_Tipster.framework */,
				D587C88A919105B0513114B6 /* Pods_Tipster_TipsterUITests.framework */,
				0DFEDD82ACD59C52966DAFEB /* Pods_TipsterTests.framework */,
			);
			name = Frameworks;
			sourceTree = "<group>";
		};
/* End PBXGroup section */

/* Begin PBXNativeTarget section */
		4475D9FB27ABBB9F0077CF09 /* Tipster */ = {
			isa = PBXNativeTarget;
			buildConfigurationList = 4475DA2627ABBBA20077CF09 /* Build configuration list for PBXNativeTarget "Tipster" */;
			buildPhases = (
				DCF295CE1B961C1E3D8672A6 /* [CP] Check Pods Manifest.lock */,
				4475D9F827ABBB9F0077CF09 /* Sources */,
				4475D9F927ABBB9F0077CF09 /* Frameworks */,
				4475D9FA27ABBB9F0077CF09 /* Resources */,
				B8A13DAC8C2949A87701CE04 /* [CP] Embed Pods Frameworks */,
			);
			buildRules = (
			);
			dependencies = (
			);
			name = Tipster;
			packageProductDependencies = (
				4475DA3427AC591B0077CF09 /* AlamofireImage */,
			);
			productName = Tipster;
			productReference = 4475D9FC27ABBB9F0077CF09 /* Tipster.app */;
			productType = "com.apple.product-type.application";
		};
		4475DA1127ABBBA20077CF09 /* TipsterTests */ = {
			isa = PBXNativeTarget;
			buildConfigurationList = 4475DA2927ABBBA20077CF09 /* Build configuration list for PBXNativeTarget "TipsterTests" */;
			buildPhases = (
				BA0E43CBFBFCB06A08843BD8 /* [CP] Check Pods Manifest.lock */,
				4475DA0E27ABBBA20077CF09 /* Sources */,
				4475DA0F27ABBBA20077CF09 /* Frameworks */,
				4475DA1027ABBBA20077CF09 /* Resources */,
			);
			buildRules = (
			);
			dependencies = (
				4475DA1427ABBBA20077CF09 /* PBXTargetDependency */,
			);
			name = TipsterTests;
			productName = TipsterTests;
			productReference = 4475DA1227ABBBA20077CF09 /* TipsterTests.xctest */;
			productType = "com.apple.product-type.bundle.unit-test";
		};
		4475DA1B27ABBBA20077CF09 /* TipsterUITests */ = {
			isa = PBXNativeTarget;
			buildConfigurationList = 4475DA2C27ABBBA20077CF09 /* Build configuration list for PBXNativeTarget "TipsterUITests" */;
			buildPhases = (
				2F02CB516B4F109C996202F2 /* [CP] Check Pods Manifest.lock */,
				4475DA1827ABBBA20077CF09 /* Sources */,
				4475DA1927ABBBA20077CF09 /* Frameworks */,
				4475DA1A27ABBBA20077CF09 /* Resources */,
				5A0B8388552094057F5E088F /* [CP] Embed Pods Frameworks */,
			);
			buildRules = (
			);
			dependencies = (
				4475DA1E27ABBBA20077CF09 /* PBXTargetDependency */,
			);
			name = TipsterUITests;
			productName = TipsterUITests;
			productReference = 4475DA1C27ABBBA20077CF09 /* TipsterUITests.xctest */;
			productType = "com.apple.product-type.bundle.ui-testing";
		};
/* End PBXNativeTarget section */

/* Begin PBXProject section */
		4475D9F427ABBB9F0077CF09 /* Project object */ = {
			isa = PBXProject;
			attributes = {
				BuildIndependentTargetsInParallel = 1;
				LastSwiftUpdateCheck = 1320;
				LastUpgradeCheck = 1320;
				TargetAttributes = {
					4475D9FB27ABBB9F0077CF09 = {
						CreatedOnToolsVersion = 13.2.1;
					};
					4475DA1127ABBBA20077CF09 = {
						CreatedOnToolsVersion = 13.2.1;
						TestTargetID = 4475D9FB27ABBB9F0077CF09;
					};
					4475DA1B27ABBBA20077CF09 = {
						CreatedOnToolsVersion = 13.2.1;
						TestTargetID = 4475D9FB27ABBB9F0077CF09;
					};
				};
			};
			buildConfigurationList = 4475D9F727ABBB9F0077CF09 /* Build configuration list for PBXProject "Tipster" */;
			compatibilityVersion = "Xcode 13.0";
			developmentRegion = en;
			hasScannedForEncodings = 0;
			knownRegions = (
				en,
				Base,
			);
			mainGroup = 4475D9F327ABBB9F0077CF09;
			packageReferences = (
				4475DA3327AC591B0077CF09 /* XCRemoteSwiftPackageReference "AlamofireImage" */,
			);
			productRefGroup = 4475D9FD27ABBB9F0077CF09 /* Products */;
			projectDirPath = "";
			projectRoot = "";
			targets = (
				4475D9FB27ABBB9F0077CF09 /* Tipster */,
				4475DA1127ABBBA20077CF09 /* TipsterTests */,
				4475DA1B27ABBBA20077CF09 /* TipsterUITests */,
			);
		};
/* End PBXProject section */

/* Begin PBXResourcesBuildPhase section */
		4475D9FA27ABBB9F0077CF09 /* Resources */ = {
			isa = PBXResourcesBuildPhase;
			buildActionMask = 2147483647;
			files = (
				4475DA0C27ABBBA10077CF09 /* LaunchScreen.storyboard in Resources */,
				4475DA0927ABBBA10077CF09 /* Assets.xcassets in Resources */,
				4475DA0727ABBB9F0077CF09 /* Main.storyboard in Resources */,
			);
			runOnlyForDeploymentPostprocessing = 0;
		};
		4475DA1027ABBBA20077CF09 /* Resources */ = {
			isa = PBXResourcesBuildPhase;
			buildActionMask = 2147483647;
			files = (
			);
			runOnlyForDeploymentPostprocessing = 0;
		};
		4475DA1A27ABBBA20077CF09 /* Resources */ = {
			isa = PBXResourcesBuildPhase;
			buildActionMask = 2147483647;
			files = (
			);
			runOnlyForDeploymentPostprocessing = 0;
		};
/* End PBXResourcesBuildPhase section */

/* Begin PBXShellScriptBuildPhase section */
		2F02CB516B4F109C996202F2 /* [CP] Check Pods Manifest.lock */ = {
			isa = PBXShellScriptBuildPhase;
			buildActionMask = 2147483647;
			files = (
			);
			inputFileListPaths = (
			);
			inputPaths = (
				"${PODS_PODFILE_DIR_PATH}/Podfile.lock",
				"${PODS_ROOT}/Manifest.lock",
			);
			name = "[CP] Check Pods Manifest.lock";
			outputFileListPaths = (
			);
			outputPaths = (
				"$(DERIVED_FILE_DIR)/Pods-Tipster-TipsterUITests-checkManifestLockResult.txt",
			);
			runOnlyForDeploymentPostprocessing = 0;
			shellPath = /bin/sh;
			shellScript = "diff \"${PODS_PODFILE_DIR_PATH}/Podfile.lock\" \"${PODS_ROOT}/Manifest.lock\" > /dev/null\nif [ $? != 0 ] ; then\n    # print error to STDERR\n    echo \"error: The sandbox is not in sync with the Podfile.lock. Run 'pod install' or update your CocoaPods installation.\" >&2\n    exit 1\nfi\n# This output is used by Xcode 'outputs' to avoid re-running this script phase.\necho \"SUCCESS\" > \"${SCRIPT_OUTPUT_FILE_0}\"\n";
			showEnvVarsInLog = 0;
		};
		5A0B8388552094057F5E088F /* [CP] Embed Pods Frameworks */ = {
			isa = PBXShellScriptBuildPhase;
			buildActionMask = 2147483647;
			files = (
			);
			inputFileListPaths = (
				"${PODS_ROOT}/Target Support Files/Pods-Tipster-TipsterUITests/Pods-Tipster-TipsterUITests-frameworks-${CONFIGURATION}-input-files.xcfilelist",
			);
			name = "[CP] Embed Pods Frameworks";
			outputFileListPaths = (
				"${PODS_ROOT}/Target Support Files/Pods-Tipster-TipsterUITests/Pods-Tipster-TipsterUITests-frameworks-${CONFIGURATION}-output-files.xcfilelist",
			);
			runOnlyForDeploymentPostprocessing = 0;
			shellPath = /bin/sh;
			shellScript = "\"${PODS_ROOT}/Target Support Files/Pods-Tipster-TipsterUITests/Pods-Tipster-TipsterUITests-frameworks.sh\"\n";
			showEnvVarsInLog = 0;
		};
		B8A13DAC8C2949A87701CE04 /* [CP] Embed Pods Frameworks */ = {
			isa = PBXShellScriptBuildPhase;
			buildActionMask = 2147483647;
			files = (
			);
			inputFileListPaths = (
				"${PODS_ROOT}/Target Support Files/Pods-Tipster/Pods-Tipster-frameworks-${CONFIGURATION}-input-files.xcfilelist",
			);
			name = "[CP] Embed Pods Frameworks";
			outputFileListPaths = (
				"${PODS_ROOT}/Target Support Files/Pods-Tipster/Pods-Tipster-frameworks-${CONFIGURATION}-output-files.xcfilelist",
			);
			runOnlyForDeploymentPostprocessing = 0;
			shellPath = /bin/sh;
			shellScript = "\"${PODS_ROOT}/Target Support Files/Pods-Tipster/Pods-Tipster-frameworks.sh\"\n";
			showEnvVarsInLog = 0;
		};
		BA0E43CBFBFCB06A08843BD8 /* [CP] Check Pods Manifest.lock */ = {
			isa = PBXShellScriptBuildPhase;
			buildActionMask = 2147483647;
			files = (
			);
			inputFileListPaths = (
			);
			inputPaths = (
				"${PODS_PODFILE_DIR_PATH}/Podfile.lock",
				"${PODS_ROOT}/Manifest.lock",
			);
			name = "[CP] Check Pods Manifest.lock";
			outputFileListPaths = (
			);
			outputPaths = (
				"$(DERIVED_FILE_DIR)/Pods-TipsterTests-checkManifestLockResult.txt",
			);
			runOnlyForDeploymentPostprocessing = 0;
			shellPath = /bin/sh;
			shellScript = "diff \"${PODS_PODFILE_DIR_PATH}/Podfile.lock\" \"${PODS_ROOT}/Manifest.lock\" > /dev/null\nif [ $? != 0 ] ; then\n    # print error to STDERR\n    echo \"error: The sandbox is not in sync with the Podfile.lock. Run 'pod install' or update your CocoaPods installation.\" >&2\n    exit 1\nfi\n# This output is used by Xcode 'outputs' to avoid re-running this script phase.\necho \"SUCCESS\" > \"${SCRIPT_OUTPUT_FILE_0}\"\n";
			showEnvVarsInLog = 0;
		};
		DCF295CE1B961C1E3D8672A6 /* [CP] Check Pods Manifest.lock */ = {
			isa = PBXShellScriptBuildPhase;
			buildActionMask = 2147483647;
			files = (
			);
			inputFileListPaths = (
			);
			inputPaths = (
				"${PODS_PODFILE_DIR_PATH}/Podfile.lock",
				"${PODS_ROOT}/Manifest.lock",
			);
			name = "[CP] Check Pods Manifest.lock";
			outputFileListPaths = (
			);
			outputPaths = (
				"$(DERIVED_FILE_DIR)/Pods-Tipster-checkManifestLockResult.txt",
			);
			runOnlyForDeploymentPostprocessing = 0;
			shellPath = /bin/sh;
			shellScript = "diff \"${PODS_PODFILE_DIR_PATH}/Podfile.lock\" \"${PODS_ROOT}/Manifest.lock\" > /dev/null\nif [ $? != 0 ] ; then\n    # print error to STDERR\n    echo \"error: The sandbox is not in sync with the Podfile.lock. Run 'pod install' or update your CocoaPods installation.\" >&2\n    exit 1\nfi\n# This output is used by Xcode 'outputs' to avoid re-running this script phase.\necho \"SUCCESS\" > \"${SCRIPT_OUTPUT_FILE_0}\"\n";
			showEnvVarsInLog = 0;
		};
/* End PBXShellScriptBuildPhase section */

/* Begin PBXSourcesBuildPhase section */
		4475D9F827ABBB9F0077CF09 /* Sources */ = {
			isa = PBXSourcesBuildPhase;
			buildActionMask = 2147483647;
			files = (
				4475DA0427ABBB9F0077CF09 /* MoviesViewController.swift in Sources */,
				4475DA0027ABBB9F0077CF09 /* AppDelegate.swift in Sources */,
				4475DA3227ABCD830077CF09 /* MovieCell.swift in Sources */,
				4475DA0227ABBB9F0077CF09 /* SceneDelegate.swift in Sources */,
			);
			runOnlyForDeploymentPostprocessing = 0;
		};
		4475DA0E27ABBBA20077CF09 /* Sources */ = {
			isa = PBXSourcesBuildPhase;
			buildActionMask = 2147483647;
			files = (
				4475DA1727ABBBA20077CF09 /* TipsterTests.swift in Sources */,
			);
			runOnlyForDeploymentPostprocessing = 0;
		};
		4475DA1827ABBBA20077CF09 /* Sources */ = {
			isa = PBXSourcesBuildPhase;
			buildActionMask = 2147483647;
			files = (
				4475DA2327ABBBA20077CF09 /* TipsterUITestsLaunchTests.swift in Sources */,
				4475DA2127ABBBA20077CF09 /* TipsterUITests.swift in Sources */,
			);
			runOnlyForDeploymentPostprocessing = 0;
		};
/* End PBXSourcesBuildPhase section */

/* Begin PBXTargetDependency section */
		4475DA1427ABBBA20077CF09 /* PBXTargetDependency */ = {
			isa = PBXTargetDependency;
			target = 4475D9FB27ABBB9F0077CF09 /* Tipster */;
			targetProxy = 4475DA1327ABBBA20077CF09 /* PBXContainerItemProxy */;
		};
		4475DA1E27ABBBA20077CF09 /* PBXTargetDependency */ = {
			isa = PBXTargetDependency;
			target = 4475D9FB27ABBB9F0077CF09 /* Tipster */;
			targetProxy = 4475DA1D27ABBBA20077CF09 /* PBXContainerItemProxy */;
		};
/* End PBXTargetDependency section */

/* Begin PBXVariantGroup section */
		4475DA0527ABBB9F0077CF09 /* Main.storyboard */ = {
			isa = PBXVariantGroup;
			children = (
				4475DA0627ABBB9F0077CF09 /* Base */,
			);
			name = Main.storyboard;
			sourceTree = "<group>";
		};
		4475DA0A27ABBBA10077CF09 /* LaunchScreen.storyboard */ = {
			isa = PBXVariantGroup;
			children = (
				4475DA0B27ABBBA10077CF09 /* Base */,
			);
			name = LaunchScreen.storyboard;
			sourceTree = "<group>";
		};
/* End PBXVariantGroup section */

/* Begin XCBuildConfiguration section */
		4475DA2427ABBBA20077CF09 /* Debug */ = {
			isa = XCBuildConfiguration;
			buildSettings = {
				ALWAYS_SEARCH_USER_PATHS = NO;
				CLANG_ANALYZER_NONNULL = YES;
				CLANG_ANALYZER_NUMBER_OBJECT_CONVERSION = YES_AGGRESSIVE;
				CLANG_CXX_LANGUAGE_STANDARD = "gnu++17";
				CLANG_CXX_LIBRARY = "libc++";
				CLANG_ENABLE_MODULES = YES;
				CLANG_ENABLE_OBJC_ARC = YES;
				CLANG_ENABLE_OBJC_WEAK = YES;
				CLANG_WARN_BLOCK_CAPTURE_AUTORELEASING = YES;
				CLANG_WARN_BOOL_CONVERSION = YES;
				CLANG_WARN_COMMA = YES;
				CLANG_WARN_CONSTANT_CONVERSION = YES;
				CLANG_WARN_DEPRECATED_OBJC_IMPLEMENTATIONS = YES;
				CLANG_WARN_DIRECT_OBJC_ISA_USAGE = YES_ERROR;
				CLANG_WARN_DOCUMENTATION_COMMENTS = YES;
				CLANG_WARN_EMPTY_BODY = YES;
				CLANG_WARN_ENUM_CONVERSION = YES;
				CLANG_WARN_INFINITE_RECURSION = YES;
				CLANG_WARN_INT_CONVERSION = YES;
				CLANG_WARN_NON_LITERAL_NULL_CONVERSION = YES;
				CLANG_WARN_OBJC_IMPLICIT_RETAIN_SELF = YES;
				CLANG_WARN_OBJC_LITERAL_CONVERSION = YES;
				CLANG_WARN_OBJC_ROOT_CLASS = YES_ERROR;
				CLANG_WARN_QUOTED_INCLUDE_IN_FRAMEWORK_HEADER = YES;
				CLANG_WARN_RANGE_LOOP_ANALYSIS = YES;
				CLANG_WARN_STRICT_PROTOTYPES = YES;
				CLANG_WARN_SUSPICIOUS_MOVE = YES;
				CLANG_WARN_UNGUARDED_AVAILABILITY = YES_AGGRESSIVE;
				CLANG_WARN_UNREACHABLE_CODE = YES;
				CLANG_WARN__DUPLICATE_METHOD_MATCH = YES;
				COPY_PHASE_STRIP = NO;
				DEBUG_INFORMATION_FORMAT = dwarf;
				ENABLE_STRICT_OBJC_MSGSEND = YES;
				ENABLE_TESTABILITY = YES;
				GCC_C_LANGUAGE_STANDARD = gnu11;
				GCC_DYNAMIC_NO_PIC = NO;
				GCC_NO_COMMON_BLOCKS = YES;
				GCC_OPTIMIZATION_LEVEL = 0;
				GCC_PREPROCESSOR_DEFINITIONS = (
					"DEBUG=1",
					"$(inherited)",
				);
				GCC_WARN_64_TO_32_BIT_CONVERSION = YES;
				GCC_WARN_ABOUT_RETURN_TYPE = YES_ERROR;
				GCC_WARN_UNDECLARED_SELECTOR = YES;
				GCC_WARN_UNINITIALIZED_AUTOS = YES_AGGRESSIVE;
				GCC_WARN_UNUSED_FUNCTION = YES;
				GCC_WARN_UNUSED_VARIABLE = YES;
				IPHONEOS_DEPLOYMENT_TARGET = 15.2;
				MTL_ENABLE_DEBUG_INFO = INCLUDE_SOURCE;
				MTL_FAST_MATH = YES;
				ONLY_ACTIVE_ARCH = YES;
				SDKROOT = iphoneos;
				SWIFT_ACTIVE_COMPILATION_CONDITIONS = DEBUG;
				SWIFT_OPTIMIZATION_LEVEL = "-Onone";
			};
			name = Debug;
		};
		4475DA2527ABBBA20077CF09 /* Release */ = {
			isa = XCBuildConfiguration;
			buildSettings = {
				ALWAYS_SEARCH_USER_PATHS = NO;
				CLANG_ANALYZER_NONNULL = YES;
				CLANG_ANALYZER_NUMBER_OBJECT_CONVERSION = YES_AGGRESSIVE;
				CLANG_CXX_LANGUAGE_STANDARD = "gnu++17";
				CLANG_CXX_LIBRARY = "libc++";
				CLANG_ENABLE_MODULES = YES;
				CLANG_ENABLE_OBJC_ARC = YES;
				CLANG_ENABLE_OBJC_WEAK = YES;
				CLANG_WARN_BLOCK_CAPTURE_AUTORELEASING = YES;
				CLANG_WARN_BOOL_CONVERSION = YES;
				CLANG_WARN_COMMA = YES;
				CLANG_WARN_CONSTANT_CONVERSION = YES;
				CLANG_WARN_DEPRECATED_OBJC_IMPLEMENTATIONS = YES;
				CLANG_WARN_DIRECT_OBJC_ISA_USAGE = YES_ERROR;
				CLANG_WARN_DOCUMENTATION_COMMENTS = YES;
				CLANG_WARN_EMPTY_BODY = YES;
				CLANG_WARN_ENUM_CONVERSION = YES;
				CLANG_WARN_INFINITE_RECURSION = YES;
				CLANG_WARN_INT_CONVERSION = YES;
				CLANG_WARN_NON_LITERAL_NULL_CONVERSION = YES;
				CLANG_WARN_OBJC_IMPLICIT_RETAIN_SELF = YES;
				CLANG_WARN_OBJC_LITERAL_CONVERSION = YES;
				CLANG_WARN_OBJC_ROOT_CLASS = YES_ERROR;
				CLANG_WARN_QUOTED_INCLUDE_IN_FRAMEWORK_HEADER = YES;
				CLANG_WARN_RANGE_LOOP_ANALYSIS = YES;
				CLANG_WARN_STRICT_PROTOTYPES = YES;
				CLANG_WARN_SUSPICIOUS_MOVE = YES;
				CLANG_WARN_UNGUARDED_AVAILABILITY = YES_AGGRESSIVE;
				CLANG_WARN_UNREACHABLE_CODE = YES;
				CLANG_WARN__DUPLICATE_METHOD_MATCH = YES;
				COPY_PHASE_STRIP = NO;
				DEBUG_INFORMATION_FORMAT = "dwarf-with-dsym";
				ENABLE_NS_ASSERTIONS = NO;
				ENABLE_STRICT_OBJC_MSGSEND = YES;
				GCC_C_LANGUAGE_STANDARD = gnu11;
				GCC_NO_COMMON_BLOCKS = YES;
				GCC_WARN_64_TO_32_BIT_CONVERSION = YES;
				GCC_WARN_ABOUT_RETURN_TYPE = YES_ERROR;
				GCC_WARN_UNDECLARED_SELECTOR = YES;
				GCC_WARN_UNINITIALIZED_AUTOS = YES_AGGRESSIVE;
				GCC_WARN_UNUSED_FUNCTION = YES;
				GCC_WARN_UNUSED_VARIABLE = YES;
				IPHONEOS_DEPLOYMENT_TARGET = 15.2;
				MTL_ENABLE_DEBUG_INFO = NO;
				MTL_FAST_MATH = YES;
				SDKROOT = iphoneos;
				SWIFT_COMPILATION_MODE = wholemodule;
				SWIFT_OPTIMIZATION_LEVEL = "-O";
				VALIDATE_PRODUCT = YES;
			};
			name = Release;
		};
		4475DA2727ABBBA20077CF09 /* Debug */ = {
			isa = XCBuildConfiguration;
			baseConfigurationReference = E22C21CA74945F7F9300A3BA /* Pods-Tipster.debug.xcconfig */;
			buildSettings = {
				ASSETCATALOG_COMPILER_APPICON_NAME = AppIcon;
				ASSETCATALOG_COMPILER_GLOBAL_ACCENT_COLOR_NAME = AccentColor;
				CODE_SIGN_STYLE = Automatic;
				CURRENT_PROJECT_VERSION = 1;
				DEVELOPMENT_TEAM = ZU6V8VRC64;
				GENERATE_INFOPLIST_FILE = YES;
				INFOPLIST_FILE = Tipster/Info.plist;
				INFOPLIST_KEY_UIApplicationSupportsIndirectInputEvents = YES;
				INFOPLIST_KEY_UILaunchStoryboardName = LaunchScreen;
				INFOPLIST_KEY_UIMainStoryboardFile = Main;
				INFOPLIST_KEY_UISupportedInterfaceOrientations_iPad = "UIInterfaceOrientationPortrait UIInterfaceOrientationPortraitUpsideDown UIInterfaceOrientationLandscapeLeft UIInterfaceOrientationLandscapeRight";
				INFOPLIST_KEY_UISupportedInterfaceOrientations_iPhone = "UIInterfaceOrientationPortrait UIInterfaceOrientationLandscapeLeft UIInterfaceOrientationLandscapeRight";
				LD_RUNPATH_SEARCH_PATHS = (
					"$(inherited)",
					"@executable_path/Frameworks",
				);
				MARKETING_VERSION = 1.0;
				PRODUCT_BUNDLE_IDENTIFIER = com.wnaps1010.Tipster;
				PRODUCT_NAME = "$(TARGET_NAME)";
				SWIFT_EMIT_LOC_STRINGS = YES;
				SWIFT_VERSION = 5.0;
				TARGETED_DEVICE_FAMILY = "1,2";
			};
			name = Debug;
		};
		4475DA2827ABBBA20077CF09 /* Release */ = {
			isa = XCBuildConfiguration;
			baseConfigurationReference = 3946683473C86D2F868771EF /* Pods-Tipster.release.xcconfig */;
			buildSettings = {
				ASSETCATALOG_COMPILER_APPICON_NAME = AppIcon;
				ASSETCATALOG_COMPILER_GLOBAL_ACCENT_COLOR_NAME = AccentColor;
				CODE_SIGN_STYLE = Automatic;
				CURRENT_PROJECT_VERSION = 1;
				DEVELOPMENT_TEAM = ZU6V8VRC64;
				GENERATE_INFOPLIST_FILE = YES;
				INFOPLIST_FILE = Tipster/Info.plist;
				INFOPLIST_KEY_UIApplicationSupportsIndirectInputEvents = YES;
				INFOPLIST_KEY_UILaunchStoryboardName = LaunchScreen;
				INFOPLIST_KEY_UIMainStoryboardFile = Main;
				INFOPLIST_KEY_UISupportedInterfaceOrientations_iPad = "UIInterfaceOrientationPortrait UIInterfaceOrientationPortraitUpsideDown UIInterfaceOrientationLandscapeLeft UIInterfaceOrientationLandscapeRight";
				INFOPLIST_KEY_UISupportedInterfaceOrientations_iPhone = "UIInterfaceOrientationPortrait UIInterfaceOrientationLandscapeLeft UIInterfaceOrientationLandscapeRight";
				LD_RUNPATH_SEARCH_PATHS = (
					"$(inherited)",
					"@executable_path/Frameworks",
				);
				MARKETING_VERSION = 1.0;
				PRODUCT_BUNDLE_IDENTIFIER = com.wnaps1010.Tipster;
				PRODUCT_NAME = "$(TARGET_NAME)";
				SWIFT_EMIT_LOC_STRINGS = YES;
				SWIFT_VERSION = 5.0;
				TARGETED_DEVICE_FAMILY = "1,2";
			};
			name = Release;
		};
		4475DA2A27ABBBA20077CF09 /* Debug */ = {
			isa = XCBuildConfiguration;
			baseConfigurationReference = 77E0A4768A330EC05C936427 /* Pods-TipsterTests.debug.xcconfig */;
			buildSettings = {
				ALWAYS_EMBED_SWIFT_STANDARD_LIBRARIES = YES;
				BUNDLE_LOADER = "$(TEST_HOST)";
				CODE_SIGN_STYLE = Automatic;
				CURRENT_PROJECT_VERSION = 1;
				DEVELOPMENT_TEAM = ZU6V8VRC64;
				GENERATE_INFOPLIST_FILE = YES;
				IPHONEOS_DEPLOYMENT_TARGET = 15.2;
				MARKETING_VERSION = 1.0;
				PRODUCT_BUNDLE_IDENTIFIER = com.wnaps1010.TipsterTests;
				PRODUCT_NAME = "$(TARGET_NAME)";
				SWIFT_EMIT_LOC_STRINGS = NO;
				SWIFT_VERSION = 5.0;
				TARGETED_DEVICE_FAMILY = "1,2";
				TEST_HOST = "$(BUILT_PRODUCTS_DIR)/Tipster.app/Tipster";
			};
			name = Debug;
		};
		4475DA2B27ABBBA20077CF09 /* Release */ = {
			isa = XCBuildConfiguration;
			baseConfigurationReference = 2D07BE47DE73641B5980A9FF /* Pods-TipsterTests.release.xcconfig */;
			buildSettings = {
				ALWAYS_EMBED_SWIFT_STANDARD_LIBRARIES = YES;
				BUNDLE_LOADER = "$(TEST_HOST)";
				CODE_SIGN_STYLE = Automatic;
				CURRENT_PROJECT_VERSION = 1;
				DEVELOPMENT_TEAM = ZU6V8VRC64;
				GENERATE_INFOPLIST_FILE = YES;
				IPHONEOS_DEPLOYMENT_TARGET = 15.2;
				MARKETING_VERSION = 1.0;
				PRODUCT_BUNDLE_IDENTIFIER = com.wnaps1010.TipsterTests;
				PRODUCT_NAME = "$(TARGET_NAME)";
				SWIFT_EMIT_LOC_STRINGS = NO;
				SWIFT_VERSION = 5.0;
				TARGETED_DEVICE_FAMILY = "1,2";
				TEST_HOST = "$(BUILT_PRODUCTS_DIR)/Tipster.app/Tipster";
			};
			name = Release;
		};
		4475DA2D27ABBBA20077CF09 /* Debug */ = {
			isa = XCBuildConfiguration;
			baseConfigurationReference = A419E17D5ECC1CF722392114 /* Pods-Tipster-TipsterUITests.debug.xcconfig */;
			buildSettings = {
				ALWAYS_EMBED_SWIFT_STANDARD_LIBRARIES = YES;
				CODE_SIGN_STYLE = Automatic;
				CURRENT_PROJECT_VERSION = 1;
				DEVELOPMENT_TEAM = ZU6V8VRC64;
				GENERATE_INFOPLIST_FILE = YES;
				MARKETING_VERSION = 1.0;
				PRODUCT_BUNDLE_IDENTIFIER = com.wnaps1010.TipsterUITests;
				PRODUCT_NAME = "$(TARGET_NAME)";
				SWIFT_EMIT_LOC_STRINGS = NO;
				SWIFT_VERSION = 5.0;
				TARGETED_DEVICE_FAMILY = "1,2";
				TEST_TARGET_NAME = Tipster;
			};
			name = Debug;
		};
		4475DA2E27ABBBA20077CF09 /* Release */ = {
			isa = XCBuildConfiguration;
			baseConfigurationReference = F34247312AF024F8C7B02330 /* Pods-Tipster-TipsterUITests.release.xcconfig */;
			buildSettings = {
				ALWAYS_EMBED_SWIFT_STANDARD_LIBRARIES = YES;
				CODE_SIGN_STYLE = Automatic;
				CURRENT_PROJECT_VERSION = 1;
				DEVELOPMENT_TEAM = ZU6V8VRC64;
				GENERATE_INFOPLIST_FILE = YES;
				MARKETING_VERSION = 1.0;
				PRODUCT_BUNDLE_IDENTIFIER = com.wnaps1010.TipsterUITests;
				PRODUCT_NAME = "$(TARGET_NAME)";
				SWIFT_EMIT_LOC_STRINGS = NO;
				SWIFT_VERSION = 5.0;
				TARGETED_DEVICE_FAMILY = "1,2";
				TEST_TARGET_NAME = Tipster;
			};
			name = Release;
		};
/* End XCBuildConfiguration section */

/* Begin XCConfigurationList section */
		4475D9F727ABBB9F0077CF09 /* Build configuration list for PBXProject "Tipster" */ = {
			isa = XCConfigurationList;
			buildConfigurations = (
				4475DA2427ABBBA20077CF09 /* Debug */,
				4475DA2527ABBBA20077CF09 /* Release */,
			);
			defaultConfigurationIsVisible = 0;
			defaultConfigurationName = Release;
		};
		4475DA2627ABBBA20077CF09 /* Build configuration list for PBXNativeTarget "Tipster" */ = {
			isa = XCConfigurationList;
			buildConfigurations = (
				4475DA2727ABBBA20077CF09 /* Debug */,
				4475DA2827ABBBA20077CF09 /* Release */,
			);
			defaultConfigurationIsVisible = 0;
			defaultConfigurationName = Release;
		};
		4475DA2927ABBBA20077CF09 /* Build configuration list for PBXNativeTarget "TipsterTests" */ = {
			isa = XCConfigurationList;
			buildConfigurations = (
				4475DA2A27ABBBA20077CF09 /* Debug */,
				4475DA2B27ABBBA20077CF09 /* Release */,
			);
			defaultConfigurationIsVisible = 0;
			defaultConfigurationName = Release;
		};
		4475DA2C27ABBBA20077CF09 /* Build configuration list for PBXNativeTarget "TipsterUITests" */ = {
			isa = XCConfigurationList;
			buildConfigurations = (
				4475DA2D27ABBBA20077CF09 /* Debug */,
				4475DA2E27ABBBA20077CF09 /* Release */,
			);
			defaultConfigurationIsVisible = 0;
			defaultConfigurationName = Release;
		};
/* End XCConfigurationList section */

/* Begin XCRemoteSwiftPackageReference section */
		4475DA3327AC591B0077CF09 /* XCRemoteSwiftPackageReference "AlamofireImage" */ = {
			isa = XCRemoteSwiftPackageReference;
			repositoryURL = "https://github.com/Alamofire/AlamofireImage";
			requirement = {
				kind = upToNextMajorVersion;
				minimumVersion = 4.0.0;
			};
		};
/* End XCRemoteSwiftPackageReference section */

/* Begin XCSwiftPackageProductDependency section */
		4475DA3427AC591B0077CF09 /* AlamofireImage */ = {
			isa = XCSwiftPackageProductDependency;
			package = 4475DA3327AC591B0077CF09 /* XCRemoteSwiftPackageReference "AlamofireImage" */;
			productName = AlamofireImage;
		};
/* End XCSwiftPackageProductDependency section */
	};
	rootObject = 4475D9F427ABBB9F0077CF09 /* Project object */;
}
